{
  "nodes": {
    "catppuccin-theme": {
      "locked": {
        "lastModified": 1761406789,
        "narHash": "sha256-RWkitQAjmiZaIQ0x0IFrFnEXossMiNf1xzdJfAWJb1Y=",
        "owner": "jaycee1285",
        "repo": "Catppuccin-GTK-Theme",
        "rev": "93b05e6ac14386535da0b657d1fd7a625254d896",
        "type": "github"
      },
      "original": {
        "owner": "jaycee1285",
        "repo": "Catppuccin-GTK-Theme",
        "type": "github"
      }
    },
    "claude-desktop": {
      "inputs": {
        "flake-utils": "flake-utils",
        "nixpkgs": "nixpkgs"
      },
      "locked": {
        "lastModified": 1764098187,
        "narHash": "sha256-H6JjWXhKqxZ8QLMoqndZx9e5x0Sv5AiipSmqvIxIbgo=",
        "owner": "k3d3",
        "repo": "claude-desktop-linux-flake",
        "rev": "b2b040cb68231d2118906507d9cc8fd181ca6308",
        "type": "github"
      },
      "original": {
        "owner": "k3d3",
        "repo": "claude-desktop-linux-flake",
        "type": "github"
      }
    },
    "everforest-theme": {
      "locked": {
        "lastModified": 1761406803,
        "narHash": "sha256-1VMvIPTEfKA8bZsA4bdM6IyT1Wzmmue6FX8rwiGUR84=",
        "owner": "jaycee1285",
        "repo": "Everforest-GTK-Theme",
        "rev": "9fe6e000282d457ffd93e2084376e1b90a2c84f1",
        "type": "github"
      },
      "original": {
        "owner": "jaycee1285",
        "repo": "Everforest-GTK-Theme",
        "type": "github"
      }
    },
    "flake-utils": {
      "inputs": {
        "systems": "systems"
      },
      "locked": {
        "lastModified": 1731533236,
        "narHash": "sha256-l0KFg5HjrsfsO/JpG+r7fRrqm12kzFHyUHqHCVpMMbI=",
        "owner": "numtide",
        "repo": "flake-utils",
        "rev": "11707dc2f618dd54ca8739b309ec4fc024de578b",
        "type": "github"
      },
      "original": {
        "owner": "numtide",
        "repo": "flake-utils",
        "type": "github"
      }
    },
    "flake-utils_2": {
      "inputs": {
        "systems": "systems_2"
      },
      "locked": {
        "lastModified": 1731533236,
        "narHash": "sha256-l0KFg5HjrsfsO/JpG+r7fRrqm12kzFHyUHqHCVpMMbI=",
        "owner": "numtide",
        "repo": "flake-utils",
        "rev": "11707dc2f618dd54ca8739b309ec4fc024de578b",
        "type": "github"
      },
      "original": {
        "owner": "numtide",
        "repo": "flake-utils",
        "type": "github"
      }
    },
    "flake-utils_3": {
      "inputs": {
        "systems": "systems_3"
      },
      "locked": {
        "lastModified": 1731533236,
        "narHash": "sha256-l0KFg5HjrsfsO/JpG+r7fRrqm12kzFHyUHqHCVpMMbI=",
        "owner": "numtide",
        "repo": "flake-utils",
        "rev": "11707dc2f618dd54ca8739b309ec4fc024de578b",
        "type": "github"
      },
      "original": {
        "owner": "numtide",
        "repo": "flake-utils",
        "type": "github"
      }
    },
    "flake-utils_4": {
      "inputs": {
        "systems": "systems_4"
      },
      "locked": {
        "lastModified": 1731533236,
        "narHash": "sha256-l0KFg5HjrsfsO/JpG+r7fRrqm12kzFHyUHqHCVpMMbI=",
        "owner": "numtide",
        "repo": "flake-utils",
        "rev": "11707dc2f618dd54ca8739b309ec4fc024de578b",
        "type": "github"
      },
      "original": {
        "owner": "numtide",
        "repo": "flake-utils",
        "type": "github"
      }
    },
    "flexoki-theme": {
      "flake": false,
      "locked": {
        "lastModified": 1768506299,
        "narHash": "sha256-JJDEDnLNDlAldnZFGnxeXjjs287izaJxDBrGa5b3aII=",
        "owner": "jaycee1285",
        "repo": "flexoki",
        "rev": "c4d870970ee534cb71f7e25af44dccc7c1af9ca0",
        "type": "github"
      },
      "original": {
        "owner": "jaycee1285",
        "repo": "flexoki",
        "type": "github"
      }
    },
    "gruvbox-theme": {
      "locked": {
        "lastModified": 1761406817,
        "narHash": "sha256-JlIlyZIsdvsG39kBiUTA4TJmqbAqH7PF1DI/X0QV6S0=",
        "owner": "jaycee1285",
        "repo": "Gruvbox-GTK-Theme",
        "rev": "5b70db536429c46fbcfb5d4df506734c97860ed5",
        "type": "github"
      },
      "original": {
        "owner": "jaycee1285",
        "repo": "Gruvbox-GTK-Theme",
        "type": "github"
      }
    },
    "gtk-themes": {
      "inputs": {
        "catppuccin-theme": "catppuccin-theme",
        "everforest-theme": "everforest-theme",
        "flexoki-theme": "flexoki-theme",
        "gruvbox-theme": "gruvbox-theme",
        "kanagawa-theme": "kanagawa-theme",
        "nixpkgs": "nixpkgs_2",
        "nordfox-theme": "nordfox-theme",
        "nordic-polar-theme": "nordic-polar-theme",
        "orchis-theme": "orchis-theme",
        "osaka-theme": "osaka-theme",
        "rose-pine-theme": "rose-pine-theme",
        "tokyonight-theme": "tokyonight-theme"
      },
      "locked": {
        "path": "./gtk-themes",
        "type": "path"
      },
      "original": {
        "path": "./gtk-themes",
        "type": "path"
      },
      "parent": []
    },
    "helium-nix": {
      "inputs": {
        "flake-utils": "flake-utils_2",
        "nixpkgs": "nixpkgs_4"
      },
      "locked": {
        "lastModified": 1769861477,
        "narHash": "sha256-BPaGxotH/1gPISMMH2JFLAtvh+dMv+vWN5Ld4nnipgg=",
        "ref": "refs/heads/main",
        "rev": "4a281eb793a0feba6c4d92a8dbaef04081fe35fc",
        "revCount": 6,
        "type": "git",
        "url": "https://codeberg.org/MachsteNix/helium-nix"
      },
      "original": {
        "type": "git",
        "url": "https://codeberg.org/MachsteNix/helium-nix"
      }
    },
    "home-manager": {
      "inputs": {
        "nixpkgs": "nixpkgs_5"
      },
      "locked": {
        "lastModified": 1770318660,
        "narHash": "sha256-yFVde8QZK7Dc0Xa8eQDsmxLX4NJNfL1NKfctSyiQgMY=",
        "owner": "nix-community",
        "repo": "home-manager",
        "rev": "471e6a065f9efed51488d7c51a9abbd387df91b8",
        "type": "github"
      },
      "original": {
        "owner": "nix-community",
        "repo": "home-manager",
        "type": "github"
      }
    },
    "home-manager_2": {
      "inputs": {
        "nixpkgs": [
          "zen-browser",
          "nixpkgs"
        ]
      },
      "locked": {
        "lastModified": 1769872935,
        "narHash": "sha256-07HMIGQ/WJeAQJooA7Kkg1SDKxhAiV6eodvOwTX6WKI=",
        "owner": "nix-community",
        "repo": "home-manager",
        "rev": "f4ad5068ee8e89e4a7c2e963e10dd35cd77b37b7",
        "type": "github"
      },
      "original": {
        "owner": "nix-community",
        "repo": "home-manager",
        "type": "github"
      }
    },
    "kanagawa-theme": {
      "locked": {
        "lastModified": 1761406838,
        "narHash": "sha256-A539tr3ZYunp4yeUvENlaRnAWBSgmrlksf/pstGO4Xg=",
        "owner": "jaycee1285",
        "repo": "Kanagawa-GTK-Theme",
        "rev": "90dcc9fd98092d2d0cafe76381a25fc588c7c2aa",
        "type": "github"
      },
      "original": {
        "owner": "jaycee1285",
        "repo": "Kanagawa-GTK-Theme",
        "type": "github"
      }
    },
    "labwcchanger": {
      "inputs": {
        "flake-utils": "flake-utils_3",
        "nixpkgs": "nixpkgs_6"
      },
      "locked": {
        "lastModified": 1767202285,
        "narHash": "sha256-Fhatud74Y0TlzClwd/uqG8PM15bMYzTcZwRlP54Th6w=",
        "owner": "jaycee1285",
        "repo": "labwcchanger",
        "rev": "96110e993e9c1bcba806b9d3b56f5f0e97c23c53",
        "type": "github"
      },
      "original": {
        "owner": "jaycee1285",
        "repo": "labwcchanger",
        "type": "github"
      }
    },
    "labwcchanger-tui": {
      "inputs": {
        "flake-utils": "flake-utils_4",
        "nixpkgs": [
          "nixpkgs"
        ]
      },
      "locked": {
        "lastModified": 1768564516,
        "narHash": "sha256-j8ishnZcY1WJu0L3CTomDFT4MI47hWCQ/4nbwqkV+YU=",
        "owner": "jaycee1285",
        "repo": "labwcchanger-tui",
        "rev": "463e5eabe19f458050ed9d060207555092ccd0e7",
        "type": "github"
      },
      "original": {
        "owner": "jaycee1285",
        "repo": "labwcchanger-tui",
        "type": "github"
      }
    },
    "nix-vscode-extensions": {
      "inputs": {
        "nixpkgs": "nixpkgs_7"
      },
      "locked": {
        "lastModified": 1770345783,
        "narHash": "sha256-nuwtB/A0JK9fSoIZutW/3VFG8PthRthTlOwNUv+WrOA=",
        "owner": "nix-community",
        "repo": "nix-vscode-extensions",
        "rev": "18c64244030fed7812f2e79cdf4918a1880f091d",
        "type": "github"
      },
      "original": {
        "owner": "nix-community",
        "repo": "nix-vscode-extensions",
        "type": "github"
      }
    },
    "nixpkgs": {
      "locked": {
        "lastModified": 1749174413,
        "narHash": "sha256-urN9UMK5cd1dzhR+Lx0xHeTgBp2MatA5+6g9JaxjuQs=",
        "owner": "nixos",
        "repo": "nixpkgs",
        "rev": "6ad174a6dc07c7742fc64005265addf87ad08615",
        "type": "github"
      },
      "original": {
        "owner": "nixos",
        "ref": "nixpkgs-unstable",
        "repo": "nixpkgs",
        "type": "github"
      }
    },
    "nixpkgs-unstable": {
      "locked": {
        "lastModified": 1770197578,
        "narHash": "sha256-AYqlWrX09+HvGs8zM6ebZ1pwUqjkfpnv8mewYwAo+iM=",
        "owner": "NixOS",
        "repo": "nixpkgs",
        "rev": "00c21e4c93d963c50d4c0c89bfa84ed6e0694df2",
        "type": "github"
      },
      "original": {
        "owner": "NixOS",
        "ref": "nixos-unstable",
        "repo": "nixpkgs",
        "type": "github"
      }
    },
    "nixpkgs_10": {
      "locked": {
        "lastModified": 1770197578,
        "narHash": "sha256-AYqlWrX09+HvGs8zM6ebZ1pwUqjkfpnv8mewYwAo+iM=",
        "owner": "NixOS",
        "repo": "nixpkgs",
        "rev": "00c21e4c93d963c50d4c0c89bfa84ed6e0694df2",
        "type": "github"
      },
      "original": {
        "owner": "NixOS",
        "ref": "nixos-unstable",
        "repo": "nixpkgs",
        "type": "github"
      }
    },
    "nixpkgs_11": {
      "locked": {
        "lastModified": 1769461804,
        "narHash": "sha256-msG8SU5WsBUfVVa/9RPLaymvi5bI8edTavbIq3vRlhI=",
        "owner": "nixos",
        "repo": "nixpkgs",
        "rev": "bfc1b8a4574108ceef22f02bafcf6611380c100d",
        "type": "github"
      },
      "original": {
        "owner": "nixos",
        "ref": "nixos-unstable",
        "repo": "nixpkgs",
        "type": "github"
      }
    },
    "nixpkgs_2": {
      "locked": {
        "lastModified": 1769018530,
        "narHash": "sha256-MJ27Cy2NtBEV5tsK+YraYr2g851f3Fl1LpNHDzDX15c=",
        "owner": "NixOS",
        "repo": "nixpkgs",
        "rev": "88d3861acdd3d2f0e361767018218e51810df8a1",
        "type": "github"
      },
      "original": {
        "owner": "NixOS",
        "ref": "nixos-unstable",
        "repo": "nixpkgs",
        "type": "github"
      }
    },
    "nixpkgs_3": {
      "locked": {
        "lastModified": 1769018530,
        "narHash": "sha256-MJ27Cy2NtBEV5tsK+YraYr2g851f3Fl1LpNHDzDX15c=",
        "owner": "NixOS",
        "repo": "nixpkgs",
        "rev": "88d3861acdd3d2f0e361767018218e51810df8a1",
        "type": "github"
      },
      "original": {
        "owner": "NixOS",
        "ref": "nixos-unstable",
        "repo": "nixpkgs",
        "type": "github"
      }
    },
    "nixpkgs_4": {
      "locked": {
        "lastModified": 1768886240,
        "narHash": "sha256-C2TjvwYZ2VDxYWeqvvJ5XPPp6U7H66zeJlRaErJKoEM=",
        "owner": "nixos",
        "repo": "nixpkgs",
        "rev": "80e4adbcf8992d3fd27ad4964fbb84907f9478b0",
        "type": "github"
      },
      "original": {
        "owner": "nixos",
        "ref": "nixos-unstable",
        "repo": "nixpkgs",
        "type": "github"
      }
    },
    "nixpkgs_5": {
      "locked": {
        "lastModified": 1770115704,
        "narHash": "sha256-KHFT9UWOF2yRPlAnSXQJh6uVcgNcWlFqqiAZ7OVlHNc=",
        "owner": "NixOS",
        "repo": "nixpkgs",
        "rev": "e6eae2ee2110f3d31110d5c222cd395303343b08",
        "type": "github"
      },
      "original": {
        "owner": "NixOS",
        "ref": "nixos-unstable",
        "repo": "nixpkgs",
        "type": "github"
      }
    },
    "nixpkgs_6": {
      "locked": {
        "lastModified": 1751011381,
        "narHash": "sha256-krGXKxvkBhnrSC/kGBmg5MyupUUT5R6IBCLEzx9jhMM=",
        "owner": "NixOS",
        "repo": "nixpkgs",
        "rev": "30e2e2857ba47844aa71991daa6ed1fc678bcbb7",
        "type": "github"
      },
      "original": {
        "owner": "NixOS",
        "ref": "nixos-unstable",
        "repo": "nixpkgs",
        "type": "github"
      }
    },
    "nixpkgs_7": {
      "locked": {
        "lastModified": 1766025857,
        "narHash": "sha256-Lav5jJazCW4mdg1iHcROpuXqmM94BWJvabLFWaJVJp0=",
        "owner": "nixos",
        "repo": "nixpkgs",
        "rev": "def3da69945bbe338c373fddad5a1bb49cf199ce",
        "type": "github"
      },
      "original": {
        "owner": "nixos",
        "repo": "nixpkgs",
        "rev": "def3da69945bbe338c373fddad5a1bb49cf199ce",
        "type": "github"
      }
    },
    "nixpkgs_8": {
      "locked": {
        "lastModified": 1770197578,
        "narHash": "sha256-AYqlWrX09+HvGs8zM6ebZ1pwUqjkfpnv8mewYwAo+iM=",
        "owner": "NixOS",
        "repo": "nixpkgs",
        "rev": "00c21e4c93d963c50d4c0c89bfa84ed6e0694df2",
        "type": "github"
      },
      "original": {
        "owner": "NixOS",
        "ref": "nixos-unstable",
        "repo": "nixpkgs",
        "type": "github"
      }
    },
    "nixpkgs_9": {
      "locked": {
        "lastModified": 1749285348,
        "narHash": "sha256-frdhQvPbmDYaScPFiCnfdh3B/Vh81Uuoo0w5TkWmmjU=",
        "owner": "NixOS",
        "repo": "nixpkgs",
        "rev": "3e3afe5174c561dee0df6f2c2b2236990146329f",
        "type": "github"
      },
      "original": {
        "owner": "NixOS",
        "ref": "nixos-unstable",
        "repo": "nixpkgs",
        "type": "github"
      }
    },
    "nordfox-theme": {
      "inputs": {
        "nixpkgs": "nixpkgs_3"
      },
      "locked": {
        "lastModified": 1761406851,
        "narHash": "sha256-W895a9j6J2DS5jf3rcdgU/Mi5BG3g3nyQI191lGqaiE=",
        "owner": "jaycee1285",
        "repo": "Nightfox-GTK-Theme",
        "rev": "490abe49710e44caa2c222df68a57264d558bbff",
        "type": "github"
      },
      "original": {
        "owner": "jaycee1285",
        "repo": "Nightfox-GTK-Theme",
        "type": "github"
      }
    },
    "nordic-polar-theme": {
      "locked": {
        "lastModified": 1762011083,
        "narHash": "sha256-YwhbtzDHaxzoayeOmtBYDib7gmf5OWVE517LUO5qJeQ=",
        "owner": "jaycee1285",
        "repo": "Nordic-Polar",
        "rev": "5d4382e077e0d93f06cd577b6515b1dd009e25eb",
        "type": "github"
      },
      "original": {
        "owner": "jaycee1285",
        "repo": "Nordic-Polar",
        "type": "github"
      }
    },
    "ob-themes": {
      "inputs": {
        "nixpkgs": "nixpkgs_9"
      },
      "locked": {
        "path": "./ob-themes",
        "type": "path"
      },
      "original": {
        "path": "./ob-themes",
        "type": "path"
      },
      "parent": []
    },
    "orchis-theme": {
      "locked": {
        "lastModified": 1763835386,
        "narHash": "sha256-ujU40IFT7oSv1EfJ2T5NSsg5GT0+ConWkq5pQNADyI8=",
        "owner": "jaycee1285",
        "repo": "Orchis-theme",
        "rev": "e6aa538ea1b6699931317f2ca7a69a29af5330ff",
        "type": "github"
      },
      "original": {
        "owner": "jaycee1285",
        "repo": "Orchis-theme",
        "type": "github"
      }
    },
    "osaka-theme": {
      "locked": {
        "lastModified": 1761406869,
        "narHash": "sha256-j/GXI9LOKa1W9BqCy4Tg2U29WIU8ADYvzRNgG+Q1dB4=",
        "owner": "jaycee1285",
        "repo": "Osaka-GTK-Theme",
        "rev": "a6b65680146a7472fd9a20e15390b1e3b3503505",
        "type": "github"
      },
      "original": {
        "owner": "jaycee1285",
        "repo": "Osaka-GTK-Theme",
        "type": "github"
      }
    },
    "root": {
      "inputs": {
        "claude-desktop": "claude-desktop",
        "gtk-themes": "gtk-themes",
        "helium-nix": "helium-nix",
        "home-manager": "home-manager",
        "labwcchanger": "labwcchanger",
        "labwcchanger-tui": "labwcchanger-tui",
        "nix-vscode-extensions": "nix-vscode-extensions",
        "nixpkgs": "nixpkgs_8",
        "nixpkgs-unstable": "nixpkgs-unstable",
        "ob-themes": "ob-themes",
        "walls": "walls",
        "zen-browser": "zen-browser"
      }
    },
    "rose-pine-theme": {
      "flake": false,
      "locked": {
        "lastModified": 1761406908,
        "narHash": "sha256-7DqTRn6O9NE2ojJjbmmhxftEzyXCL5RP/KPnL6QjGzo=",
        "owner": "jaycee1285",
        "repo": "Rose-Pine-GTK-Theme",
        "rev": "3c158d5a60ea5b72d84c632fc5af848f6ce6e019",
        "type": "github"
      },
      "original": {
        "owner": "jaycee1285",
        "repo": "Rose-Pine-GTK-Theme",
        "type": "github"
      }
    },
    "systems": {
      "locked": {
        "lastModified": 1681028828,
        "narHash": "sha256-Vy1rq5AaRuLzOxct8nz4T6wlgyUR7zLU309k9mBC768=",
        "owner": "nix-systems",
        "repo": "default",
        "rev": "da67096a3b9bf56a91d16901293e51ba5b49a27e",
        "type": "github"
      },
      "original": {
        "owner": "nix-systems",
        "repo": "default",
        "type": "github"
      }
    },
    "systems_2": {
      "locked": {
        "lastModified": 1681028828,
        "narHash": "sha256-Vy1rq5AaRuLzOxct8nz4T6wlgyUR7zLU309k9mBC768=",
        "owner": "nix-systems",
        "repo": "default",
        "rev": "da67096a3b9bf56a91d16901293e51ba5b49a27e",
        "type": "github"
      },
      "original": {
        "owner": "nix-systems",
        "repo": "default",
        "type": "github"
      }
    },
    "systems_3": {
      "locked": {
        "lastModified": 1681028828,
        "narHash": "sha256-Vy1rq5AaRuLzOxct8nz4T6wlgyUR7zLU309k9mBC768=",
        "owner": "nix-systems",
        "repo": "default",
        "rev": "da67096a3b9bf56a91d16901293e51ba5b49a27e",
        "type": "github"
      },
      "original": {
        "owner": "nix-systems",
        "repo": "default",
        "type": "github"
      }
    },
    "systems_4": {
      "locked": {
        "lastModified": 1681028828,
        "narHash": "sha256-Vy1rq5AaRuLzOxct8nz4T6wlgyUR7zLU309k9mBC768=",
        "owner": "nix-systems",
        "repo": "default",
        "rev": "da67096a3b9bf56a91d16901293e51ba5b49a27e",
        "type": "github"
      },
      "original": {
        "owner": "nix-systems",
        "repo": "default",
        "type": "github"
      }
    },
    "tokyonight-theme": {
      "locked": {
        "lastModified": 1761406922,
        "narHash": "sha256-+r9qnCMdE1glnytZNSBKrVfcA6BcY9B32lGeOJvsQA0=",
        "owner": "jaycee1285",
        "repo": "Tokyonight-GTK-Theme",
        "rev": "6f1f95282555a9c0c1b4db59c235341661dd7c52",
        "type": "github"
      },
      "original": {
        "owner": "jaycee1285",
        "repo": "Tokyonight-GTK-Theme",
        "type": "github"
      }
    },
    "walls": {
      "inputs": {
        "nixpkgs": "nixpkgs_10"
      },
      "locked": {
        "lastModified": 1769286880,
        "narHash": "sha256-CNt97N5Dtmd3XXHtUwElExEIgSqyBRN3SIr+0OqxUbY=",
        "owner": "jaycee1285",
        "repo": "walls",
        "rev": "d9bee9681f425077b1a7690232b37933052fddc3",
        "type": "github"
      },
      "original": {
        "owner": "jaycee1285",
        "repo": "walls",
        "type": "github"
      }
    },
    "zen-browser": {
      "inputs": {
        "home-manager": "home-manager_2",
        "nixpkgs": "nixpkgs_11"
      },
      "locked": {
        "lastModified": 1770382887,
        "narHash": "sha256-on4vg7ctpMPzKWcvXPtV095aal6KUPDSKV9+I8HhQtY=",
        "owner": "0xc000022070",
        "repo": "zen-browser-flake",
        "rev": "58aa8fb418e2853382d52453a6a7739125f2b8e0",
        "type": "github"
      },
      "original": {
        "owner": "0xc000022070",
        "repo": "zen-browser-flake",
        "type": "github"
      }
    }
  },
  "root": "root",
  "version": 7
}
