{
  "nodes": {
    "catppuccin-theme": {
      "locked": {
        "lastModified": 1757514577,
        "narHash": "sha256-e/A3pfUz7vIAVR5MtdWgIDHRuwx6XHM9Nx8i+r2W+LU=",
        "owner": "jaycee1285",
        "repo": "Catppuccin-GTK-Theme",
        "rev": "397fb66296114e6cf1303524cb2f98e8b6d53d60",
        "type": "github"
      },
      "original": {
        "owner": "jaycee1285",
        "repo": "Catppuccin-GTK-Theme",
        "type": "github"
      }
    },
    "everforest-theme": {
      "locked": {
        "lastModified": 1757514534,
        "narHash": "sha256-c0j2daxwZJ+Y3TqkhnkWjvdLWKixBtFI9IUW51tvn2U=",
        "owner": "jaycee1285",
        "repo": "Everforest-GTK-Theme",
        "rev": "2957e3098bc34db136190db8739739590be15a89",
        "type": "github"
      },
      "original": {
        "owner": "jaycee1285",
        "repo": "Everforest-GTK-Theme",
        "type": "github"
      }
    },
    "flake-utils": {
      "inputs": {
        "systems": "systems"
      },
      "locked": {
        "lastModified": 1731533236,
        "narHash": "sha256-l0KFg5HjrsfsO/JpG+r7fRrqm12kzFHyUHqHCVpMMbI=",
        "owner": "numtide",
        "repo": "flake-utils",
        "rev": "11707dc2f618dd54ca8739b309ec4fc024de578b",
        "type": "github"
      },
      "original": {
        "owner": "numtide",
        "repo": "flake-utils",
        "type": "github"
      }
    },
    "gruvbox-theme": {
      "locked": {
        "lastModified": 1757514510,
        "narHash": "sha256-ecPkrTO5Hd2BiAQIZca5sBuj3YgyVftVRwsBUheb3dc=",
        "owner": "jaycee1285",
        "repo": "Gruvbox-GTK-Theme",
        "rev": "b5490d515b56b07e30ee9ac774739b5bfd00975d",
        "type": "github"
      },
      "original": {
        "owner": "jaycee1285",
        "repo": "Gruvbox-GTK-Theme",
        "type": "github"
      }
    },
    "gtk-themes": {
      "inputs": {
        "catppuccin-theme": "catppuccin-theme",
        "everforest-theme": "everforest-theme",
        "gruvbox-theme": "gruvbox-theme",
        "kanagawa-theme": "kanagawa-theme",
        "nixpkgs": "nixpkgs",
        "nordfox-theme": "nordfox-theme",
        "nordic-polar-theme": "nordic-polar-theme",
        "orchis-theme": "orchis-theme",
        "osaka-theme": "osaka-theme",
        "rose-pine-theme": "rose-pine-theme",
        "tokyonight-theme": "tokyonight-theme"
      },
      "locked": {
        "path": "./gtk-themes",
        "type": "path"
      },
      "original": {
        "path": "./gtk-themes",
        "type": "path"
      },
      "parent": []
    },
    "home-manager": {
      "inputs": {
        "nixpkgs": "nixpkgs_3"
      },
      "locked": {
        "lastModified": 1758119172,
        "narHash": "sha256-LnVuGLf0PJHqqIHroxEzwXS57mjAdHSrXi0iODKbbiU=",
        "owner": "nix-community",
        "repo": "home-manager",
        "rev": "9f408dc51c8e8216a94379e6356bdadbe8b4fef9",
        "type": "github"
      },
      "original": {
        "owner": "nix-community",
        "repo": "home-manager",
        "type": "github"
      }
    },
    "kanagawa-theme": {
      "locked": {
        "lastModified": 1757514477,
        "narHash": "sha256-Q4IbsYP/D9VelUcJZg7m6WBYYA2Pex0LrrH1CkWM42k=",
        "owner": "jaycee1285",
        "repo": "Kanagawa-GTK-Theme",
        "rev": "f628212abf82dbea560740ad78b1f9be11f37293",
        "type": "github"
      },
      "original": {
        "owner": "jaycee1285",
        "repo": "Kanagawa-GTK-Theme",
        "type": "github"
      }
    },
    "labwcchanger": {
      "inputs": {
        "flake-utils": "flake-utils",
        "nixpkgs": "nixpkgs_4"
      },
      "locked": {
        "lastModified": 1757449631,
        "narHash": "sha256-0sTaFcB9Voo0OWi8EbWkYTrlSSEbSrgkFtEJ5J9Audg=",
        "owner": "jaycee1285",
        "repo": "labwcchanger",
        "rev": "70f9f205389685d6c418498d2c0f929654e12add",
        "type": "github"
      },
      "original": {
        "owner": "jaycee1285",
        "repo": "labwcchanger",
        "type": "github"
      }
    },
    "nixpkgs": {
      "locked": {
        "lastModified": 1757745802,
        "narHash": "sha256-hLEO2TPj55KcUFUU1vgtHE9UEIOjRcH/4QbmfHNF820=",
        "owner": "NixOS",
        "repo": "nixpkgs",
        "rev": "c23193b943c6c689d70ee98ce3128239ed9e32d1",
        "type": "github"
      },
      "original": {
        "owner": "NixOS",
        "ref": "nixos-unstable",
        "repo": "nixpkgs",
        "type": "github"
      }
    },
    "nixpkgs-unstable": {
      "locked": {
        "lastModified": 1757745802,
        "narHash": "sha256-hLEO2TPj55KcUFUU1vgtHE9UEIOjRcH/4QbmfHNF820=",
        "owner": "NixOS",
        "repo": "nixpkgs",
        "rev": "c23193b943c6c689d70ee98ce3128239ed9e32d1",
        "type": "github"
      },
      "original": {
        "owner": "NixOS",
        "ref": "nixos-unstable",
        "repo": "nixpkgs",
        "type": "github"
      }
    },
    "nixpkgs_2": {
      "locked": {
        "lastModified": 1757745802,
        "narHash": "sha256-hLEO2TPj55KcUFUU1vgtHE9UEIOjRcH/4QbmfHNF820=",
        "owner": "NixOS",
        "repo": "nixpkgs",
        "rev": "c23193b943c6c689d70ee98ce3128239ed9e32d1",
        "type": "github"
      },
      "original": {
        "owner": "NixOS",
        "ref": "nixos-unstable",
        "repo": "nixpkgs",
        "type": "github"
      }
    },
    "nixpkgs_3": {
      "locked": {
        "lastModified": 1757745802,
        "narHash": "sha256-hLEO2TPj55KcUFUU1vgtHE9UEIOjRcH/4QbmfHNF820=",
        "owner": "NixOS",
        "repo": "nixpkgs",
        "rev": "c23193b943c6c689d70ee98ce3128239ed9e32d1",
        "type": "github"
      },
      "original": {
        "owner": "NixOS",
        "ref": "nixos-unstable",
        "repo": "nixpkgs",
        "type": "github"
      }
    },
    "nixpkgs_4": {
      "locked": {
        "lastModified": 1751011381,
        "narHash": "sha256-krGXKxvkBhnrSC/kGBmg5MyupUUT5R6IBCLEzx9jhMM=",
        "owner": "NixOS",
        "repo": "nixpkgs",
        "rev": "30e2e2857ba47844aa71991daa6ed1fc678bcbb7",
        "type": "github"
      },
      "original": {
        "owner": "NixOS",
        "ref": "nixos-unstable",
        "repo": "nixpkgs",
        "type": "github"
      }
    },
    "nixpkgs_5": {
      "locked": {
        "lastModified": 1757745802,
        "narHash": "sha256-hLEO2TPj55KcUFUU1vgtHE9UEIOjRcH/4QbmfHNF820=",
        "owner": "NixOS",
        "repo": "nixpkgs",
        "rev": "c23193b943c6c689d70ee98ce3128239ed9e32d1",
        "type": "github"
      },
      "original": {
        "owner": "NixOS",
        "ref": "nixos-unstable",
        "repo": "nixpkgs",
        "type": "github"
      }
    },
    "nixpkgs_6": {
      "locked": {
        "lastModified": 1749285348,
        "narHash": "sha256-frdhQvPbmDYaScPFiCnfdh3B/Vh81Uuoo0w5TkWmmjU=",
        "owner": "NixOS",
        "repo": "nixpkgs",
        "rev": "3e3afe5174c561dee0df6f2c2b2236990146329f",
        "type": "github"
      },
      "original": {
        "owner": "NixOS",
        "ref": "nixos-unstable",
        "repo": "nixpkgs",
        "type": "github"
      }
    },
    "nordfox-theme": {
      "inputs": {
        "nixpkgs": "nixpkgs_2"
      },
      "locked": {
        "lastModified": 1757514427,
        "narHash": "sha256-0tJLXJN+Cp9jVo30mxrVPjJpBxBZ1LUWPQmZD/colkc=",
        "owner": "jaycee1285",
        "repo": "Nightfox-GTK-Theme",
        "rev": "db8002ebcb0cb291cac46323ee6236eda790019a",
        "type": "github"
      },
      "original": {
        "owner": "jaycee1285",
        "repo": "Nightfox-GTK-Theme",
        "type": "github"
      }
    },
    "nordic-polar-theme": {
      "locked": {
        "lastModified": 1756860514,
        "narHash": "sha256-uyfn8WrOIgagY2Bfhp68eKtbtIoPGFEf2dCg3QQHfjI=",
        "owner": "jaycee1285",
        "repo": "Nordic-Polar",
        "rev": "091611961c177cb434040cd8400c9c1cc0e00762",
        "type": "github"
      },
      "original": {
        "owner": "jaycee1285",
        "repo": "Nordic-Polar",
        "type": "github"
      }
    },
    "ob-themes": {
      "inputs": {
        "nixpkgs": "nixpkgs_6"
      },
      "locked": {
        "path": "./ob-themes",
        "type": "path"
      },
      "original": {
        "path": "./ob-themes",
        "type": "path"
      },
      "parent": []
    },
    "orchis-theme": {
      "locked": {
        "lastModified": 1757913483,
        "narHash": "sha256-uwz2r5GTrQUpkhM+5FRwL7AXWYQjs8EFYI3ZTBBkxqY=",
        "owner": "jaycee1285",
        "repo": "Orchis-theme",
        "rev": "12fafb56d3e19b502063be572826c60f43897272",
        "type": "github"
      },
      "original": {
        "owner": "jaycee1285",
        "repo": "Orchis-theme",
        "type": "github"
      }
    },
    "osaka-theme": {
      "locked": {
        "lastModified": 1757514401,
        "narHash": "sha256-IsjdIUR78JZMCM/f4hqLQuMh7P5djr2VBOaNL15wU6g=",
        "owner": "jaycee1285",
        "repo": "Osaka-GTK-Theme",
        "rev": "622e8f51f5fdea25c203b32a1a0c8c510d483841",
        "type": "github"
      },
      "original": {
        "owner": "jaycee1285",
        "repo": "Osaka-GTK-Theme",
        "type": "github"
      }
    },
    "root": {
      "inputs": {
        "gtk-themes": "gtk-themes",
        "home-manager": "home-manager",
        "labwcchanger": "labwcchanger",
        "nixpkgs": "nixpkgs_5",
        "nixpkgs-unstable": "nixpkgs-unstable",
        "ob-themes": "ob-themes"
      }
    },
    "rose-pine-theme": {
      "flake": false,
      "locked": {
        "lastModified": 1757514386,
        "narHash": "sha256-WqSoArGl4OSe08T9peR9FjcDtOaLeHWuhPM7M3WKnaU=",
        "owner": "jaycee1285",
        "repo": "Rose-Pine-GTK-Theme",
        "rev": "c799fdc42c34ba3c188f1ef3150fa7949c324a35",
        "type": "github"
      },
      "original": {
        "owner": "jaycee1285",
        "repo": "Rose-Pine-GTK-Theme",
        "type": "github"
      }
    },
    "systems": {
      "locked": {
        "lastModified": 1681028828,
        "narHash": "sha256-Vy1rq5AaRuLzOxct8nz4T6wlgyUR7zLU309k9mBC768=",
        "owner": "nix-systems",
        "repo": "default",
        "rev": "da67096a3b9bf56a91d16901293e51ba5b49a27e",
        "type": "github"
      },
      "original": {
        "owner": "nix-systems",
        "repo": "default",
        "type": "github"
      }
    },
    "tokyonight-theme": {
      "locked": {
        "lastModified": 1757514370,
        "narHash": "sha256-hhXVuHr4mAQUC3dmPQ1ss3/HpgDDr2SYnngRsdbmq2U=",
        "owner": "jaycee1285",
        "repo": "Tokyonight-GTK-Theme",
        "rev": "029ff62debbf38ccb9b88ffe74ef1e144e41e8a5",
        "type": "github"
      },
      "original": {
        "owner": "jaycee1285",
        "repo": "Tokyonight-GTK-Theme",
        "type": "github"
      }
    }
  },
  "root": "root",
  "version": 7
}
