{
  "nodes": {
    "catppuccin-theme": {
      "locked": {
        "lastModified": 1761406789,
        "narHash": "sha256-RWkitQAjmiZaIQ0x0IFrFnEXossMiNf1xzdJfAWJb1Y=",
        "owner": "jaycee1285",
        "repo": "Catppuccin-GTK-Theme",
        "rev": "93b05e6ac14386535da0b657d1fd7a625254d896",
        "type": "github"
      },
      "original": {
        "owner": "jaycee1285",
        "repo": "Catppuccin-GTK-Theme",
        "type": "github"
      }
    },
    "claude-desktop": {
      "inputs": {
        "flake-utils": "flake-utils",
        "nixpkgs": "nixpkgs"
      },
      "locked": {
        "lastModified": 1764098187,
        "narHash": "sha256-H6JjWXhKqxZ8QLMoqndZx9e5x0Sv5AiipSmqvIxIbgo=",
        "owner": "k3d3",
        "repo": "claude-desktop-linux-flake",
        "rev": "b2b040cb68231d2118906507d9cc8fd181ca6308",
        "type": "github"
      },
      "original": {
        "owner": "k3d3",
        "repo": "claude-desktop-linux-flake",
        "type": "github"
      }
    },
    "everforest-theme": {
      "locked": {
        "lastModified": 1761406803,
        "narHash": "sha256-1VMvIPTEfKA8bZsA4bdM6IyT1Wzmmue6FX8rwiGUR84=",
        "owner": "jaycee1285",
        "repo": "Everforest-GTK-Theme",
        "rev": "9fe6e000282d457ffd93e2084376e1b90a2c84f1",
        "type": "github"
      },
      "original": {
        "owner": "jaycee1285",
        "repo": "Everforest-GTK-Theme",
        "type": "github"
      }
    },
    "flake-utils": {
      "inputs": {
        "systems": "systems"
      },
      "locked": {
        "lastModified": 1731533236,
        "narHash": "sha256-l0KFg5HjrsfsO/JpG+r7fRrqm12kzFHyUHqHCVpMMbI=",
        "owner": "numtide",
        "repo": "flake-utils",
        "rev": "11707dc2f618dd54ca8739b309ec4fc024de578b",
        "type": "github"
      },
      "original": {
        "owner": "numtide",
        "repo": "flake-utils",
        "type": "github"
      }
    },
    "flake-utils_2": {
      "inputs": {
        "systems": "systems_2"
      },
      "locked": {
        "lastModified": 1731533236,
        "narHash": "sha256-l0KFg5HjrsfsO/JpG+r7fRrqm12kzFHyUHqHCVpMMbI=",
        "owner": "numtide",
        "repo": "flake-utils",
        "rev": "11707dc2f618dd54ca8739b309ec4fc024de578b",
        "type": "github"
      },
      "original": {
        "owner": "numtide",
        "repo": "flake-utils",
        "type": "github"
      }
    },
    "flake-utils_3": {
      "inputs": {
        "systems": "systems_3"
      },
      "locked": {
        "lastModified": 1731533236,
        "narHash": "sha256-l0KFg5HjrsfsO/JpG+r7fRrqm12kzFHyUHqHCVpMMbI=",
        "owner": "numtide",
        "repo": "flake-utils",
        "rev": "11707dc2f618dd54ca8739b309ec4fc024de578b",
        "type": "github"
      },
      "original": {
        "owner": "numtide",
        "repo": "flake-utils",
        "type": "github"
      }
    },
    "flake-utils_4": {
      "inputs": {
        "systems": "systems_4"
      },
      "locked": {
        "lastModified": 1731533236,
        "narHash": "sha256-l0KFg5HjrsfsO/JpG+r7fRrqm12kzFHyUHqHCVpMMbI=",
        "owner": "numtide",
        "repo": "flake-utils",
        "rev": "11707dc2f618dd54ca8739b309ec4fc024de578b",
        "type": "github"
      },
      "original": {
        "owner": "numtide",
        "repo": "flake-utils",
        "type": "github"
      }
    },
    "gruvbox-theme": {
      "locked": {
        "lastModified": 1761406817,
        "narHash": "sha256-JlIlyZIsdvsG39kBiUTA4TJmqbAqH7PF1DI/X0QV6S0=",
        "owner": "jaycee1285",
        "repo": "Gruvbox-GTK-Theme",
        "rev": "5b70db536429c46fbcfb5d4df506734c97860ed5",
        "type": "github"
      },
      "original": {
        "owner": "jaycee1285",
        "repo": "Gruvbox-GTK-Theme",
        "type": "github"
      }
    },
    "gtk-themes": {
      "inputs": {
        "catppuccin-theme": "catppuccin-theme",
        "everforest-theme": "everforest-theme",
        "gruvbox-theme": "gruvbox-theme",
        "kanagawa-theme": "kanagawa-theme",
        "nixpkgs": "nixpkgs_2",
        "nordfox-theme": "nordfox-theme",
        "nordic-polar-theme": "nordic-polar-theme",
        "orchis-theme": "orchis-theme",
        "osaka-theme": "osaka-theme",
        "rose-pine-theme": "rose-pine-theme",
        "tokyonight-theme": "tokyonight-theme"
      },
      "locked": {
        "path": "./gtk-themes",
        "type": "path"
      },
      "original": {
        "path": "./gtk-themes",
        "type": "path"
      },
      "parent": []
    },
    "helium-nix": {
      "inputs": {
        "flake-utils": "flake-utils_2",
        "nixpkgs": "nixpkgs_4"
      },
      "locked": {
        "lastModified": 1766873331,
        "narHash": "sha256-FAPujx9vhFr/Z61jmFv8rfkSmlATBWEglw/f2hhbAWs=",
        "ref": "refs/heads/main",
        "rev": "fcc310237bae099825873530776650fa2772c58d",
        "revCount": 4,
        "type": "git",
        "url": "https://codeberg.org/MachsteNix/helium-nix"
      },
      "original": {
        "type": "git",
        "url": "https://codeberg.org/MachsteNix/helium-nix"
      }
    },
    "home-manager": {
      "inputs": {
        "nixpkgs": "nixpkgs_5"
      },
      "locked": {
        "lastModified": 1767556355,
        "narHash": "sha256-RDTUBDQBi9D4eD9iJQWtUDN/13MDLX+KmE+TwwNUp2s=",
        "owner": "nix-community",
        "repo": "home-manager",
        "rev": "f894bc4ffde179d178d8deb374fcf9855d1a82b7",
        "type": "github"
      },
      "original": {
        "owner": "nix-community",
        "repo": "home-manager",
        "type": "github"
      }
    },
    "home-manager_2": {
      "inputs": {
        "nixpkgs": [
          "zen-browser",
          "nixpkgs"
        ]
      },
      "locked": {
        "lastModified": 1767104570,
        "narHash": "sha256-GKgwu5//R+cLdKysZjGqvUEEOGXXLdt93sNXeb2M/Lk=",
        "owner": "nix-community",
        "repo": "home-manager",
        "rev": "e4e78a2cbeaddd07ab7238971b16468cc1d14daf",
        "type": "github"
      },
      "original": {
        "owner": "nix-community",
        "repo": "home-manager",
        "type": "github"
      }
    },
    "kanagawa-theme": {
      "locked": {
        "lastModified": 1761406838,
        "narHash": "sha256-A539tr3ZYunp4yeUvENlaRnAWBSgmrlksf/pstGO4Xg=",
        "owner": "jaycee1285",
        "repo": "Kanagawa-GTK-Theme",
        "rev": "90dcc9fd98092d2d0cafe76381a25fc588c7c2aa",
        "type": "github"
      },
      "original": {
        "owner": "jaycee1285",
        "repo": "Kanagawa-GTK-Theme",
        "type": "github"
      }
    },
    "labwcchanger": {
      "inputs": {
        "flake-utils": "flake-utils_3",
        "nixpkgs": "nixpkgs_6"
      },
      "locked": {
        "lastModified": 1767202285,
        "narHash": "sha256-Fhatud74Y0TlzClwd/uqG8PM15bMYzTcZwRlP54Th6w=",
        "owner": "jaycee1285",
        "repo": "labwcchanger",
        "rev": "96110e993e9c1bcba806b9d3b56f5f0e97c23c53",
        "type": "github"
      },
      "original": {
        "owner": "jaycee1285",
        "repo": "labwcchanger",
        "type": "github"
      }
    },
    "labwcchanger-tui": {
      "inputs": {
        "flake-utils": "flake-utils_4",
        "nixpkgs": [
          "nixpkgs"
        ]
      },
      "locked": {
        "lastModified": 1767576587,
        "narHash": "sha256-ewPeeHcT7R6Q/4LZ0MZ4+GHSE4jvsuzfRYDRz30nXVY=",
        "owner": "jaycee1285",
        "repo": "labwcchanger-tui",
        "rev": "f5edb8bef503e671a0b27d3f60992adda59dacf8",
        "type": "github"
      },
      "original": {
        "owner": "jaycee1285",
        "repo": "labwcchanger-tui",
        "type": "github"
      }
    },
    "nixpkgs": {
      "locked": {
        "lastModified": 1749174413,
        "narHash": "sha256-urN9UMK5cd1dzhR+Lx0xHeTgBp2MatA5+6g9JaxjuQs=",
        "owner": "nixos",
        "repo": "nixpkgs",
        "rev": "6ad174a6dc07c7742fc64005265addf87ad08615",
        "type": "github"
      },
      "original": {
        "owner": "nixos",
        "ref": "nixpkgs-unstable",
        "repo": "nixpkgs",
        "type": "github"
      }
    },
    "nixpkgs-unstable": {
      "locked": {
        "lastModified": 1767379071,
        "narHash": "sha256-EgE0pxsrW9jp9YFMkHL9JMXxcqi/OoumPJYwf+Okucw=",
        "owner": "NixOS",
        "repo": "nixpkgs",
        "rev": "fb7944c166a3b630f177938e478f0378e64ce108",
        "type": "github"
      },
      "original": {
        "owner": "NixOS",
        "ref": "nixos-unstable",
        "repo": "nixpkgs",
        "type": "github"
      }
    },
    "nixpkgs_2": {
      "locked": {
        "lastModified": 1767379071,
        "narHash": "sha256-EgE0pxsrW9jp9YFMkHL9JMXxcqi/OoumPJYwf+Okucw=",
        "owner": "NixOS",
        "repo": "nixpkgs",
        "rev": "fb7944c166a3b630f177938e478f0378e64ce108",
        "type": "github"
      },
      "original": {
        "owner": "NixOS",
        "ref": "nixos-unstable",
        "repo": "nixpkgs",
        "type": "github"
      }
    },
    "nixpkgs_3": {
      "locked": {
        "lastModified": 1767379071,
        "narHash": "sha256-EgE0pxsrW9jp9YFMkHL9JMXxcqi/OoumPJYwf+Okucw=",
        "owner": "NixOS",
        "repo": "nixpkgs",
        "rev": "fb7944c166a3b630f177938e478f0378e64ce108",
        "type": "github"
      },
      "original": {
        "owner": "NixOS",
        "ref": "nixos-unstable",
        "repo": "nixpkgs",
        "type": "github"
      }
    },
    "nixpkgs_4": {
      "locked": {
        "lastModified": 1766309749,
        "narHash": "sha256-3xY8CZ4rSnQ0NqGhMKAy5vgC+2IVK0NoVEzDoOh4DA4=",
        "owner": "nixos",
        "repo": "nixpkgs",
        "rev": "a6531044f6d0bef691ea18d4d4ce44d0daa6e816",
        "type": "github"
      },
      "original": {
        "owner": "nixos",
        "ref": "nixos-unstable",
        "repo": "nixpkgs",
        "type": "github"
      }
    },
    "nixpkgs_5": {
      "locked": {
        "lastModified": 1766902085,
        "narHash": "sha256-coBu0ONtFzlwwVBzmjacUQwj3G+lybcZ1oeNSQkgC0M=",
        "owner": "NixOS",
        "repo": "nixpkgs",
        "rev": "c0b0e0fddf73fd517c3471e546c0df87a42d53f4",
        "type": "github"
      },
      "original": {
        "owner": "NixOS",
        "ref": "nixos-unstable",
        "repo": "nixpkgs",
        "type": "github"
      }
    },
    "nixpkgs_6": {
      "locked": {
        "lastModified": 1751011381,
        "narHash": "sha256-krGXKxvkBhnrSC/kGBmg5MyupUUT5R6IBCLEzx9jhMM=",
        "owner": "NixOS",
        "repo": "nixpkgs",
        "rev": "30e2e2857ba47844aa71991daa6ed1fc678bcbb7",
        "type": "github"
      },
      "original": {
        "owner": "NixOS",
        "ref": "nixos-unstable",
        "repo": "nixpkgs",
        "type": "github"
      }
    },
    "nixpkgs_7": {
      "locked": {
        "lastModified": 1767379071,
        "narHash": "sha256-EgE0pxsrW9jp9YFMkHL9JMXxcqi/OoumPJYwf+Okucw=",
        "owner": "NixOS",
        "repo": "nixpkgs",
        "rev": "fb7944c166a3b630f177938e478f0378e64ce108",
        "type": "github"
      },
      "original": {
        "owner": "NixOS",
        "ref": "nixos-unstable",
        "repo": "nixpkgs",
        "type": "github"
      }
    },
    "nixpkgs_8": {
      "locked": {
        "lastModified": 1749285348,
        "narHash": "sha256-frdhQvPbmDYaScPFiCnfdh3B/Vh81Uuoo0w5TkWmmjU=",
        "owner": "NixOS",
        "repo": "nixpkgs",
        "rev": "3e3afe5174c561dee0df6f2c2b2236990146329f",
        "type": "github"
      },
      "original": {
        "owner": "NixOS",
        "ref": "nixos-unstable",
        "repo": "nixpkgs",
        "type": "github"
      }
    },
    "nixpkgs_9": {
      "locked": {
        "lastModified": 1766902085,
        "narHash": "sha256-coBu0ONtFzlwwVBzmjacUQwj3G+lybcZ1oeNSQkgC0M=",
        "owner": "nixos",
        "repo": "nixpkgs",
        "rev": "c0b0e0fddf73fd517c3471e546c0df87a42d53f4",
        "type": "github"
      },
      "original": {
        "owner": "nixos",
        "ref": "nixos-unstable",
        "repo": "nixpkgs",
        "type": "github"
      }
    },
    "nordfox-theme": {
      "inputs": {
        "nixpkgs": "nixpkgs_3"
      },
      "locked": {
        "lastModified": 1761406851,
        "narHash": "sha256-W895a9j6J2DS5jf3rcdgU/Mi5BG3g3nyQI191lGqaiE=",
        "owner": "jaycee1285",
        "repo": "Nightfox-GTK-Theme",
        "rev": "490abe49710e44caa2c222df68a57264d558bbff",
        "type": "github"
      },
      "original": {
        "owner": "jaycee1285",
        "repo": "Nightfox-GTK-Theme",
        "type": "github"
      }
    },
    "nordic-polar-theme": {
      "locked": {
        "lastModified": 1762011083,
        "narHash": "sha256-YwhbtzDHaxzoayeOmtBYDib7gmf5OWVE517LUO5qJeQ=",
        "owner": "jaycee1285",
        "repo": "Nordic-Polar",
        "rev": "5d4382e077e0d93f06cd577b6515b1dd009e25eb",
        "type": "github"
      },
      "original": {
        "owner": "jaycee1285",
        "repo": "Nordic-Polar",
        "type": "github"
      }
    },
    "ob-themes": {
      "inputs": {
        "nixpkgs": "nixpkgs_8"
      },
      "locked": {
        "path": "./ob-themes",
        "type": "path"
      },
      "original": {
        "path": "./ob-themes",
        "type": "path"
      },
      "parent": []
    },
    "orchis-theme": {
      "locked": {
        "lastModified": 1763835386,
        "narHash": "sha256-ujU40IFT7oSv1EfJ2T5NSsg5GT0+ConWkq5pQNADyI8=",
        "owner": "jaycee1285",
        "repo": "Orchis-theme",
        "rev": "e6aa538ea1b6699931317f2ca7a69a29af5330ff",
        "type": "github"
      },
      "original": {
        "owner": "jaycee1285",
        "repo": "Orchis-theme",
        "type": "github"
      }
    },
    "osaka-theme": {
      "locked": {
        "lastModified": 1761406869,
        "narHash": "sha256-j/GXI9LOKa1W9BqCy4Tg2U29WIU8ADYvzRNgG+Q1dB4=",
        "owner": "jaycee1285",
        "repo": "Osaka-GTK-Theme",
        "rev": "a6b65680146a7472fd9a20e15390b1e3b3503505",
        "type": "github"
      },
      "original": {
        "owner": "jaycee1285",
        "repo": "Osaka-GTK-Theme",
        "type": "github"
      }
    },
    "root": {
      "inputs": {
        "claude-desktop": "claude-desktop",
        "gtk-themes": "gtk-themes",
        "helium-nix": "helium-nix",
        "home-manager": "home-manager",
        "labwcchanger": "labwcchanger",
        "labwcchanger-tui": "labwcchanger-tui",
        "nixpkgs": "nixpkgs_7",
        "nixpkgs-unstable": "nixpkgs-unstable",
        "ob-themes": "ob-themes",
        "zen-browser": "zen-browser"
      }
    },
    "rose-pine-theme": {
      "flake": false,
      "locked": {
        "lastModified": 1761406908,
        "narHash": "sha256-7DqTRn6O9NE2ojJjbmmhxftEzyXCL5RP/KPnL6QjGzo=",
        "owner": "jaycee1285",
        "repo": "Rose-Pine-GTK-Theme",
        "rev": "3c158d5a60ea5b72d84c632fc5af848f6ce6e019",
        "type": "github"
      },
      "original": {
        "owner": "jaycee1285",
        "repo": "Rose-Pine-GTK-Theme",
        "type": "github"
      }
    },
    "systems": {
      "locked": {
        "lastModified": 1681028828,
        "narHash": "sha256-Vy1rq5AaRuLzOxct8nz4T6wlgyUR7zLU309k9mBC768=",
        "owner": "nix-systems",
        "repo": "default",
        "rev": "da67096a3b9bf56a91d16901293e51ba5b49a27e",
        "type": "github"
      },
      "original": {
        "owner": "nix-systems",
        "repo": "default",
        "type": "github"
      }
    },
    "systems_2": {
      "locked": {
        "lastModified": 1681028828,
        "narHash": "sha256-Vy1rq5AaRuLzOxct8nz4T6wlgyUR7zLU309k9mBC768=",
        "owner": "nix-systems",
        "repo": "default",
        "rev": "da67096a3b9bf56a91d16901293e51ba5b49a27e",
        "type": "github"
      },
      "original": {
        "owner": "nix-systems",
        "repo": "default",
        "type": "github"
      }
    },
    "systems_3": {
      "locked": {
        "lastModified": 1681028828,
        "narHash": "sha256-Vy1rq5AaRuLzOxct8nz4T6wlgyUR7zLU309k9mBC768=",
        "owner": "nix-systems",
        "repo": "default",
        "rev": "da67096a3b9bf56a91d16901293e51ba5b49a27e",
        "type": "github"
      },
      "original": {
        "owner": "nix-systems",
        "repo": "default",
        "type": "github"
      }
    },
    "systems_4": {
      "locked": {
        "lastModified": 1681028828,
        "narHash": "sha256-Vy1rq5AaRuLzOxct8nz4T6wlgyUR7zLU309k9mBC768=",
        "owner": "nix-systems",
        "repo": "default",
        "rev": "da67096a3b9bf56a91d16901293e51ba5b49a27e",
        "type": "github"
      },
      "original": {
        "owner": "nix-systems",
        "repo": "default",
        "type": "github"
      }
    },
    "tokyonight-theme": {
      "locked": {
        "lastModified": 1761406922,
        "narHash": "sha256-+r9qnCMdE1glnytZNSBKrVfcA6BcY9B32lGeOJvsQA0=",
        "owner": "jaycee1285",
        "repo": "Tokyonight-GTK-Theme",
        "rev": "6f1f95282555a9c0c1b4db59c235341661dd7c52",
        "type": "github"
      },
      "original": {
        "owner": "jaycee1285",
        "repo": "Tokyonight-GTK-Theme",
        "type": "github"
      }
    },
    "zen-browser": {
      "inputs": {
        "home-manager": "home-manager_2",
        "nixpkgs": "nixpkgs_9"
      },
      "locked": {
        "lastModified": 1767568852,
        "narHash": "sha256-6s8hL3YX9zAq2T7qvcwwzaEVwc9MEYbW+C2LcAAQfbk=",
        "owner": "0xc000022070",
        "repo": "zen-browser-flake",
        "rev": "350c729b261e6f5529460140a5f0943dd4c5e156",
        "type": "github"
      },
      "original": {
        "owner": "0xc000022070",
        "repo": "zen-browser-flake",
        "type": "github"
      }
    }
  },
  "root": "root",
  "version": 7
}
